{
  "name": "@sencha/ext",
  "version": "6.6.0",
  "lockfileVersion": 1,
  "requires": true,
  "dependencies": {
    "@sencha/ext-core": {
      "version": "6.6.0",
      "resolved": "http://npm.sencha.com/@sencha%2fext-core/-/ext-core-6.6.0.tgz",
      "integrity": "sha512-D48E1yroWR/gIir8kDvPsF+KoNlsCu+fTvguM8nLIosn1epTZaHW5rBaHCCTI7I2B5qhosTzOeTfnzrQqQV8AA=="
    }
  }
}
